
Microsoft Visual Studio Solution File, Format Version 12.00
# Visual Studio 15
VisualStudioVersion = 15.0.26127.3
MinimumVisualStudioVersion = 10.0.40219.1
Project("{FAE04EC0-301F-11D3-BF4B-00C04F79EFBC}") = "WebsocketClientLite.PCL", "WebsocketClientLite.PCL.csproj", "{CD8C2A5C-4BB2-42C6-A158-F2D63912D59C}"
EndProject
Project("{2150E333-8FDC-42A3-9474-1A3956D46DE8}") = "Test", "Test", "{C6A551EF-FE86-4A13-B9C0-EA8B7FA798C4}"
EndProject
Project("{FAE04EC0-301F-11D3-BF4B-00C04F79EFBC}") = "IWebsocketClientLite.PCL", "..\interface\IWebsocketLite.PCL\IWebsocketClientLite.PCL.csproj", "{E4662FB6-85EB-4E49-BA9B-89862BEACE08}"
EndProject
Project("{FAE04EC0-301F-11D3-BF4B-00C04F79EFBC}") = "WebsocketLite.Console.Test", "..\test\WebsocketLite.Console.Test\WebsocketLite.Console.Test.csproj", "{B0CE5FDA-0AD9-4979-A282-2A02B9DF96FF}"
EndProject
Project("{2150E333-8FDC-42A3-9474-1A3956D46DE8}") = "Github", "Github", "{9D70CE96-E6FE-4E36-AD43-818D371A27ED}"
	ProjectSection(SolutionItems) = preProject
		..\..\License.md = ..\..\License.md
		..\..\README.md = ..\..\README.md
	EndProjectSection
EndProject
Project("{2150E333-8FDC-42A3-9474-1A3956D46DE8}") = "Nuget", "Nuget", "{E9C88A2B-F5C0-41F0-8C8D-487D0FB5C69E}"
	ProjectSection(SolutionItems) = preProject
		..\build\build.ps1 = ..\build\build.ps1
		..\build\publish.ps1 = ..\build\publish.ps1
		..\build\publishLocal.ps1 = ..\build\publishLocal.ps1
		..\build\WebsocketClientLite.PCL.nuspec = ..\build\WebsocketClientLite.PCL.nuspec
	EndProjectSection
EndProject
Project("{FAE04EC0-301F-11D3-BF4B-00C04F79EFBC}") = "NETCore.Console.Test", "..\test\NETCore.Console.Test\NETCore.Console.Test.csproj", "{0CA10E0D-6C02-4428-B029-1843B6820E8B}"
EndProject
Global
	GlobalSection(SolutionConfigurationPlatforms) = preSolution
		Debug|Any CPU = Debug|Any CPU
		Debug|ARM = Debug|ARM
		Debug|x64 = Debug|x64
		Debug|x86 = Debug|x86
		Release|Any CPU = Release|Any CPU
		Release|ARM = Release|ARM
		Release|x64 = Release|x64
		Release|x86 = Release|x86
	EndGlobalSection
	GlobalSection(ProjectConfigurationPlatforms) = postSolution
		{CD8C2A5C-4BB2-42C6-A158-F2D63912D59C}.Debug|Any CPU.ActiveCfg = Debug|Any CPU
		{CD8C2A5C-4BB2-42C6-A158-F2D63912D59C}.Debug|Any CPU.Build.0 = Debug|Any CPU
		{CD8C2A5C-4BB2-42C6-A158-F2D63912D59C}.Debug|ARM.ActiveCfg = Debug|Any CPU
		{CD8C2A5C-4BB2-42C6-A158-F2D63912D59C}.Debug|ARM.Build.0 = Debug|Any CPU
		{CD8C2A5C-4BB2-42C6-A158-F2D63912D59C}.Debug|x64.ActiveCfg = Debug|Any CPU
		{CD8C2A5C-4BB2-42C6-A158-F2D63912D59C}.Debug|x64.Build.0 = Debug|Any CPU
		{CD8C2A5C-4BB2-42C6-A158-F2D63912D59C}.Debug|x86.ActiveCfg = Debug|Any CPU
		{CD8C2A5C-4BB2-42C6-A158-F2D63912D59C}.Debug|x86.Build.0 = Debug|Any CPU
		{CD8C2A5C-4BB2-42C6-A158-F2D63912D59C}.Release|Any CPU.ActiveCfg = Release|Any CPU
		{CD8C2A5C-4BB2-42C6-A158-F2D63912D59C}.Release|Any CPU.Build.0 = Release|Any CPU
		{CD8C2A5C-4BB2-42C6-A158-F2D63912D59C}.Release|ARM.ActiveCfg = Release|Any CPU
		{CD8C2A5C-4BB2-42C6-A158-F2D63912D59C}.Release|ARM.Build.0 = Release|Any CPU
		{CD8C2A5C-4BB2-42C6-A158-F2D63912D59C}.Release|x64.ActiveCfg = Release|Any CPU
		{CD8C2A5C-4BB2-42C6-A158-F2D63912D59C}.Release|x64.Build.0 = Release|Any CPU
		{CD8C2A5C-4BB2-42C6-A158-F2D63912D59C}.Release|x86.ActiveCfg = Release|Any CPU
		{CD8C2A5C-4BB2-42C6-A158-F2D63912D59C}.Release|x86.Build.0 = Release|Any CPU
		{E4662FB6-85EB-4E49-BA9B-89862BEACE08}.Debug|Any CPU.ActiveCfg = Debug|Any CPU
		{E4662FB6-85EB-4E49-BA9B-89862BEACE08}.Debug|Any CPU.Build.0 = Debug|Any CPU
		{E4662FB6-85EB-4E49-BA9B-89862BEACE08}.Debug|ARM.ActiveCfg = Debug|Any CPU
		{E4662FB6-85EB-4E49-BA9B-89862BEACE08}.Debug|ARM.Build.0 = Debug|Any CPU
		{E4662FB6-85EB-4E49-BA9B-89862BEACE08}.Debug|x64.ActiveCfg = Debug|Any CPU
		{E4662FB6-85EB-4E49-BA9B-89862BEACE08}.Debug|x64.Build.0 = Debug|Any CPU
		{E4662FB6-85EB-4E49-BA9B-89862BEACE08}.Debug|x86.ActiveCfg = Debug|Any CPU
		{E4662FB6-85EB-4E49-BA9B-89862BEACE08}.Debug|x86.Build.0 = Debug|Any CPU
		{E4662FB6-85EB-4E49-BA9B-89862BEACE08}.Release|Any CPU.ActiveCfg = Release|Any CPU
		{E4662FB6-85EB-4E49-BA9B-89862BEACE08}.Release|Any CPU.Build.0 = Release|Any CPU
		{E4662FB6-85EB-4E49-BA9B-89862BEACE08}.Release|ARM.ActiveCfg = Release|Any CPU
		{E4662FB6-85EB-4E49-BA9B-89862BEACE08}.Release|ARM.Build.0 = Release|Any CPU
		{E4662FB6-85EB-4E49-BA9B-89862BEACE08}.Release|x64.ActiveCfg = Release|Any CPU
		{E4662FB6-85EB-4E49-BA9B-89862BEACE08}.Release|x64.Build.0 = Release|Any CPU
		{E4662FB6-85EB-4E49-BA9B-89862BEACE08}.Release|x86.ActiveCfg = Release|Any CPU
		{E4662FB6-85EB-4E49-BA9B-89862BEACE08}.Release|x86.Build.0 = Release|Any CPU
		{B0CE5FDA-0AD9-4979-A282-2A02B9DF96FF}.Debug|Any CPU.ActiveCfg = Debug|Any CPU
		{B0CE5FDA-0AD9-4979-A282-2A02B9DF96FF}.Debug|Any CPU.Build.0 = Debug|Any CPU
		{B0CE5FDA-0AD9-4979-A282-2A02B9DF96FF}.Debug|ARM.ActiveCfg = Debug|Any CPU
		{B0CE5FDA-0AD9-4979-A282-2A02B9DF96FF}.Debug|ARM.Build.0 = Debug|Any CPU
		{B0CE5FDA-0AD9-4979-A282-2A02B9DF96FF}.Debug|x64.ActiveCfg = Debug|Any CPU
		{B0CE5FDA-0AD9-4979-A282-2A02B9DF96FF}.Debug|x64.Build.0 = Debug|Any CPU
		{B0CE5FDA-0AD9-4979-A282-2A02B9DF96FF}.Debug|x86.ActiveCfg = Debug|Any CPU
		{B0CE5FDA-0AD9-4979-A282-2A02B9DF96FF}.Debug|x86.Build.0 = Debug|Any CPU
		{B0CE5FDA-0AD9-4979-A282-2A02B9DF96FF}.Release|Any CPU.ActiveCfg = Release|Any CPU
		{B0CE5FDA-0AD9-4979-A282-2A02B9DF96FF}.Release|Any CPU.Build.0 = Release|Any CPU
		{B0CE5FDA-0AD9-4979-A282-2A02B9DF96FF}.Release|ARM.ActiveCfg = Release|Any CPU
		{B0CE5FDA-0AD9-4979-A282-2A02B9DF96FF}.Release|ARM.Build.0 = Release|Any CPU
		{B0CE5FDA-0AD9-4979-A282-2A02B9DF96FF}.Release|x64.ActiveCfg = Release|Any CPU
		{B0CE5FDA-0AD9-4979-A282-2A02B9DF96FF}.Release|x64.Build.0 = Release|Any CPU
		{B0CE5FDA-0AD9-4979-A282-2A02B9DF96FF}.Release|x86.ActiveCfg = Release|Any CPU
		{B0CE5FDA-0AD9-4979-A282-2A02B9DF96FF}.Release|x86.Build.0 = Release|Any CPU
		{0CA10E0D-6C02-4428-B029-1843B6820E8B}.Debug|Any CPU.ActiveCfg = Debug|Any CPU
		{0CA10E0D-6C02-4428-B029-1843B6820E8B}.Debug|Any CPU.Build.0 = Debug|Any CPU
		{0CA10E0D-6C02-4428-B029-1843B6820E8B}.Debug|ARM.ActiveCfg = Debug|Any CPU
		{0CA10E0D-6C02-4428-B029-1843B6820E8B}.Debug|ARM.Build.0 = Debug|Any CPU
		{0CA10E0D-6C02-4428-B029-1843B6820E8B}.Debug|x64.ActiveCfg = Debug|x64
		{0CA10E0D-6C02-4428-B029-1843B6820E8B}.Debug|x64.Build.0 = Debug|x64
		{0CA10E0D-6C02-4428-B029-1843B6820E8B}.Debug|x86.ActiveCfg = Debug|x86
		{0CA10E0D-6C02-4428-B029-1843B6820E8B}.Debug|x86.Build.0 = Debug|x86
		{0CA10E0D-6C02-4428-B029-1843B6820E8B}.Release|Any CPU.ActiveCfg = Release|Any CPU
		{0CA10E0D-6C02-4428-B029-1843B6820E8B}.Release|Any CPU.Build.0 = Release|Any CPU
		{0CA10E0D-6C02-4428-B029-1843B6820E8B}.Release|ARM.ActiveCfg = Release|Any CPU
		{0CA10E0D-6C02-4428-B029-1843B6820E8B}.Release|ARM.Build.0 = Release|Any CPU
		{0CA10E0D-6C02-4428-B029-1843B6820E8B}.Release|x64.ActiveCfg = Release|x64
		{0CA10E0D-6C02-4428-B029-1843B6820E8B}.Release|x64.Build.0 = Release|x64
		{0CA10E0D-6C02-4428-B029-1843B6820E8B}.Release|x86.ActiveCfg = Release|x86
		{0CA10E0D-6C02-4428-B029-1843B6820E8B}.Release|x86.Build.0 = Release|x86
	EndGlobalSection
	GlobalSection(SolutionProperties) = preSolution
		HideSolutionNode = FALSE
	EndGlobalSection
	GlobalSection(NestedProjects) = preSolution
		{B0CE5FDA-0AD9-4979-A282-2A02B9DF96FF} = {C6A551EF-FE86-4A13-B9C0-EA8B7FA798C4}
		{0CA10E0D-6C02-4428-B029-1843B6820E8B} = {C6A551EF-FE86-4A13-B9C0-EA8B7FA798C4}
	EndGlobalSection
EndGlobal
